
Microsoft Visual Studio Solution File, Format Version 12.00
# Visual Studio Version 16
VisualStudioVersion = 16.0.32106.194
MinimumVisualStudioVersion = 10.0.40219.1
Project("{9A19103F-16F7-4668-BE54-9A1E7A4F7556}") = "GUI", "GUI\GUI.csproj", "{6723D06B-91B7-4244-AF18-079C5D3BC339}"
EndProject
Project("{FAE04EC0-301F-11D3-BF4B-00C04F79EFBC}") = "GameEngine", "GameEngine\GameEngine.csproj", "{FE8BE061-79CC-4909-B31C-D2B3153C5139}"
EndProject
Global
	GlobalSection(SolutionConfigurationPlatforms) = preSolution
		Debug|Any CPU = Debug|Any CPU
		Release|Any CPU = Release|Any CPU
	EndGlobalSection
	GlobalSection(ProjectConfigurationPlatforms) = postSolution
		{6723D06B-91B7-4244-AF18-079C5D3BC339}.Debug|Any CPU.ActiveCfg = Debug|Any CPU
		{6723D06B-91B7-4244-AF18-079C5D3BC339}.Debug|Any CPU.Build.0 = Debug|Any CPU
		{6723D06B-91B7-4244-AF18-079C5D3BC339}.Release|Any CPU.ActiveCfg = Release|Any CPU
		{6723D06B-91B7-4244-AF18-079C5D3BC339}.Release|Any CPU.Build.0 = Release|Any CPU
		{FE8BE061-79CC-4909-B31C-D2B3153C5139}.Debug|Any CPU.ActiveCfg = Debug|Any CPU
		{FE8BE061-79CC-4909-B31C-D2B3153C5139}.Debug|Any CPU.Build.0 = Debug|Any CPU
		{FE8BE061-79CC-4909-B31C-D2B3153C5139}.Release|Any CPU.ActiveCfg = Release|Any CPU
		{FE8BE061-79CC-4909-B31C-D2B3153C5139}.Release|Any CPU.Build.0 = Release|Any CPU
	EndGlobalSection
	GlobalSection(SolutionProperties) = preSolution
		HideSolutionNode = FALSE
	EndGlobalSection
	GlobalSection(ExtensibilityGlobals) = postSolution
		SolutionGuid = {FD00AE9F-DA90-4A45-A23C-449E74CCF36B}
	EndGlobalSection
EndGlobal
